
Microsoft Visual Studio Solution File, Format Version 12.00
# Visual Studio 2013
Project("{FAE04EC0-301F-11D3-BF4B-00C04F79EFBC}") = "UnityVS.Git TappyFish.CSharp", "UnityVS.Git TappyFish.CSharp.csproj", "{554D0AC4-0A54-7733-45F4-E3A10102CDF2}"
EndProject
Global
	GlobalSection(SolutionConfigurationPlatforms) = preSolution
		Debug|Any CPU = Debug|Any CPU
		Release|Any CPU = Release|Any CPU
	EndGlobalSection
	GlobalSection(ProjectConfigurationPlatforms) = postSolution
		{554D0AC4-0A54-7733-45F4-E3A10102CDF2}.Debug|Any CPU.ActiveCfg = Debug|Any CPU
		{554D0AC4-0A54-7733-45F4-E3A10102CDF2}.Debug|Any CPU.Build.0 = Debug|Any CPU
		{554D0AC4-0A54-7733-45F4-E3A10102CDF2}.Release|Any CPU.ActiveCfg = Release|Any CPU
		{554D0AC4-0A54-7733-45F4-E3A10102CDF2}.Release|Any CPU.Build.0 = Release|Any CPU
	EndGlobalSection
	GlobalSection(SolutionProperties) = preSolution
		HideSolutionNode = FALSE
	EndGlobalSection
EndGlobal
